
Microsoft Visual Studio Solution File, Format Version 12.00
# Visual Studio Version 16
VisualStudioVersion = 16.0.30413.136
MinimumVisualStudioVersion = 10.0.40219.1
Project("{FAE04EC0-301F-11D3-BF4B-00C04F79EFBC}") = "House", "House\House.csproj", "{ACB7B74F-F7E2-492F-8884-942D9ADD90A2}"
EndProject
Global
	GlobalSection(SolutionConfigurationPlatforms) = preSolution
		Debug|Any CPU = Debug|Any CPU
		Release|Any CPU = Release|Any CPU
	EndGlobalSection
	GlobalSection(ProjectConfigurationPlatforms) = postSolution
		{ACB7B74F-F7E2-492F-8884-942D9ADD90A2}.Debug|Any CPU.ActiveCfg = Debug|Any CPU
		{ACB7B74F-F7E2-492F-8884-942D9ADD90A2}.Debug|Any CPU.Build.0 = Debug|Any CPU
		{ACB7B74F-F7E2-492F-8884-942D9ADD90A2}.Release|Any CPU.ActiveCfg = Release|Any CPU
		{ACB7B74F-F7E2-492F-8884-942D9ADD90A2}.Release|Any CPU.Build.0 = Release|Any CPU
	EndGlobalSection
	GlobalSection(SolutionProperties) = preSolution
		HideSolutionNode = FALSE
	EndGlobalSection
	GlobalSection(ExtensibilityGlobals) = postSolution
		SolutionGuid = {3B273BA5-1503-45DE-A24F-7FF4F220BE1C}
	EndGlobalSection
EndGlobal
