
Microsoft Visual Studio Solution File, Format Version 12.00
# Visual Studio Version 16
VisualStudioVersion = 16.0.30413.136
MinimumVisualStudioVersion = 10.0.40219.1
Project("{FAE04EC0-301F-11D3-BF4B-00C04F79EFBC}") = "Figure", "Figure\Figure.csproj", "{D1512048-2277-4804-A4A3-1E6144D1D10F}"
EndProject
Global
	GlobalSection(SolutionConfigurationPlatforms) = preSolution
		Debug|Any CPU = Debug|Any CPU
		Release|Any CPU = Release|Any CPU
	EndGlobalSection
	GlobalSection(ProjectConfigurationPlatforms) = postSolution
		{D1512048-2277-4804-A4A3-1E6144D1D10F}.Debug|Any CPU.ActiveCfg = Debug|Any CPU
		{D1512048-2277-4804-A4A3-1E6144D1D10F}.Debug|Any CPU.Build.0 = Debug|Any CPU
		{D1512048-2277-4804-A4A3-1E6144D1D10F}.Release|Any CPU.ActiveCfg = Release|Any CPU
		{D1512048-2277-4804-A4A3-1E6144D1D10F}.Release|Any CPU.Build.0 = Release|Any CPU
	EndGlobalSection
	GlobalSection(SolutionProperties) = preSolution
		HideSolutionNode = FALSE
	EndGlobalSection
	GlobalSection(ExtensibilityGlobals) = postSolution
		SolutionGuid = {4A785583-63D9-46EE-AD22-E5451E73FAB0}
	EndGlobalSection
EndGlobal
